# This file is automatically @generated by Cargo.
# It is not intended for manual editing.
version = 3

[[package]]
name = "condition"
version = "0.1.0"

[[package]]
name = "first"
version = "0.1.0"

[[package]]
name = "function"
version = "0.1.0"

[[package]]
name = "hash_map"
version = "0.1.0"

[[package]]
name = "primitive_type"
version = "0.1.0"

[[package]]
name = "second"
version = "0.1.0"

[[package]]
name = "tcp-client"
version = "0.1.0"

[[package]]
name = "tcp-server"
version = "0.1.0"

[[package]]
name = "variable"
version = "0.1.0"

[[package]]
name = "vector"
version = "0.1.0"
